
Microsoft Visual Studio Solution File, Format Version 12.00
# Visual Studio Version 17
VisualStudioVersion = 17.4.33122.133
MinimumVisualStudioVersion = 10.0.40219.1
Project("{9A19103F-16F7-4668-BE54-9A1E7A4F7556}") = "Day01", "Day01\Day01.csproj", "{063ECF44-8EE3-48F1-BC46-BE7997D11804}"
EndProject
Project("{2150E333-8FDC-42A3-9474-1A3956D46DE8}") = "Solution Items", "Solution Items", "{5B0B1B87-A9D0-454F-89C3-B230A074CCC9}"
EndProject
Project("{9A19103F-16F7-4668-BE54-9A1E7A4F7556}") = "Day02", "Day02\Day02.csproj", "{1737545C-D908-46D8-A4E5-FFB190E67CB1}"
EndProject
Project("{9A19103F-16F7-4668-BE54-9A1E7A4F7556}") = "Day03", "Day03\Day03.csproj", "{0C68C577-A266-4B12-AA1B-76FDDEAA16D1}"
EndProject
Project("{9A19103F-16F7-4668-BE54-9A1E7A4F7556}") = "Shared", "Shared\Shared.csproj", "{3446EBF8-C2AC-460C-9F1B-6F14ECFD5253}"
EndProject
Project("{9A19103F-16F7-4668-BE54-9A1E7A4F7556}") = "Day05", "Day05\Day05.csproj", "{2A177B03-6F8F-426D-BE7B-1E2BE2A4684F}"
EndProject
Project("{9A19103F-16F7-4668-BE54-9A1E7A4F7556}") = "Day04", "Day04\Day04.csproj", "{1593B918-C457-45B2-B180-91E3EADB28ED}"
EndProject
Project("{FAE04EC0-301F-11D3-BF4B-00C04F79EFBC}") = "Day06", "Day06\Day06.csproj", "{78F9DFA1-3F1B-4D62-8A97-200A7C6E8B3F}"
EndProject
Global
	GlobalSection(SolutionConfigurationPlatforms) = preSolution
		Debug|Any CPU = Debug|Any CPU
		Release|Any CPU = Release|Any CPU
	EndGlobalSection
	GlobalSection(ProjectConfigurationPlatforms) = postSolution
		{063ECF44-8EE3-48F1-BC46-BE7997D11804}.Debug|Any CPU.ActiveCfg = Debug|Any CPU
		{063ECF44-8EE3-48F1-BC46-BE7997D11804}.Debug|Any CPU.Build.0 = Debug|Any CPU
		{063ECF44-8EE3-48F1-BC46-BE7997D11804}.Release|Any CPU.ActiveCfg = Release|Any CPU
		{063ECF44-8EE3-48F1-BC46-BE7997D11804}.Release|Any CPU.Build.0 = Release|Any CPU
		{1737545C-D908-46D8-A4E5-FFB190E67CB1}.Debug|Any CPU.ActiveCfg = Debug|Any CPU
		{1737545C-D908-46D8-A4E5-FFB190E67CB1}.Debug|Any CPU.Build.0 = Debug|Any CPU
		{1737545C-D908-46D8-A4E5-FFB190E67CB1}.Release|Any CPU.ActiveCfg = Release|Any CPU
		{1737545C-D908-46D8-A4E5-FFB190E67CB1}.Release|Any CPU.Build.0 = Release|Any CPU
		{0C68C577-A266-4B12-AA1B-76FDDEAA16D1}.Debug|Any CPU.ActiveCfg = Debug|Any CPU
		{0C68C577-A266-4B12-AA1B-76FDDEAA16D1}.Debug|Any CPU.Build.0 = Debug|Any CPU
		{0C68C577-A266-4B12-AA1B-76FDDEAA16D1}.Release|Any CPU.ActiveCfg = Release|Any CPU
		{0C68C577-A266-4B12-AA1B-76FDDEAA16D1}.Release|Any CPU.Build.0 = Release|Any CPU
		{3446EBF8-C2AC-460C-9F1B-6F14ECFD5253}.Debug|Any CPU.ActiveCfg = Debug|Any CPU
		{3446EBF8-C2AC-460C-9F1B-6F14ECFD5253}.Debug|Any CPU.Build.0 = Debug|Any CPU
		{3446EBF8-C2AC-460C-9F1B-6F14ECFD5253}.Release|Any CPU.ActiveCfg = Release|Any CPU
		{3446EBF8-C2AC-460C-9F1B-6F14ECFD5253}.Release|Any CPU.Build.0 = Release|Any CPU
		{2A177B03-6F8F-426D-BE7B-1E2BE2A4684F}.Debug|Any CPU.ActiveCfg = Debug|Any CPU
		{2A177B03-6F8F-426D-BE7B-1E2BE2A4684F}.Debug|Any CPU.Build.0 = Debug|Any CPU
		{2A177B03-6F8F-426D-BE7B-1E2BE2A4684F}.Release|Any CPU.ActiveCfg = Release|Any CPU
		{2A177B03-6F8F-426D-BE7B-1E2BE2A4684F}.Release|Any CPU.Build.0 = Release|Any CPU
		{1593B918-C457-45B2-B180-91E3EADB28ED}.Debug|Any CPU.ActiveCfg = Debug|Any CPU
		{1593B918-C457-45B2-B180-91E3EADB28ED}.Debug|Any CPU.Build.0 = Debug|Any CPU
		{1593B918-C457-45B2-B180-91E3EADB28ED}.Release|Any CPU.ActiveCfg = Release|Any CPU
		{1593B918-C457-45B2-B180-91E3EADB28ED}.Release|Any CPU.Build.0 = Release|Any CPU
		{78F9DFA1-3F1B-4D62-8A97-200A7C6E8B3F}.Debug|Any CPU.ActiveCfg = Debug|Any CPU
		{78F9DFA1-3F1B-4D62-8A97-200A7C6E8B3F}.Debug|Any CPU.Build.0 = Debug|Any CPU
		{78F9DFA1-3F1B-4D62-8A97-200A7C6E8B3F}.Release|Any CPU.ActiveCfg = Release|Any CPU
		{78F9DFA1-3F1B-4D62-8A97-200A7C6E8B3F}.Release|Any CPU.Build.0 = Release|Any CPU
	EndGlobalSection
	GlobalSection(SolutionProperties) = preSolution
		HideSolutionNode = FALSE
	EndGlobalSection
	GlobalSection(ExtensibilityGlobals) = postSolution
		SolutionGuid = {A97D89CF-F1C0-438B-9B41-5179E8154BFF}
	EndGlobalSection
EndGlobal
