
Microsoft Visual Studio Solution File, Format Version 12.00
# Visual Studio Version 16
VisualStudioVersion = 16.0.31729.503
MinimumVisualStudioVersion = 10.0.40219.1
Project("{9A19103F-16F7-4668-BE54-9A1E7A4F7556}") = "Day01", "Day01\Day01.csproj", "{D04AE530-A930-49A2-B08B-20284F309DF2}"
EndProject
Project("{9A19103F-16F7-4668-BE54-9A1E7A4F7556}") = "Day02", "Day02\Day02.csproj", "{B42014FB-6B91-448A-96F5-703C874B4B52}"
EndProject
Project("{9A19103F-16F7-4668-BE54-9A1E7A4F7556}") = "Day03", "Day03\Day03.csproj", "{C3DA3628-D7AF-43C4-9010-1AE995380BB0}"
EndProject
Project("{9A19103F-16F7-4668-BE54-9A1E7A4F7556}") = "Day04", "Day04\Day04.csproj", "{8CDDBCAF-7731-47DE-B243-E163A424E961}"
EndProject
Project("{9A19103F-16F7-4668-BE54-9A1E7A4F7556}") = "Day05", "Day05\Day05.csproj", "{BB6EEB23-D89E-45D5-877B-61E5489508C3}"
EndProject
Project("{9A19103F-16F7-4668-BE54-9A1E7A4F7556}") = "Template", "Template\Template.csproj", "{3FC59C07-CE91-49E9-877F-3AC136C0FC69}"
EndProject
Project("{9A19103F-16F7-4668-BE54-9A1E7A4F7556}") = "Day06", "Day06\Day06.csproj", "{F35F4F8A-8EBE-4C5E-A9E4-F1F1BD1D0058}"
EndProject
Project("{9A19103F-16F7-4668-BE54-9A1E7A4F7556}") = "Day07", "Day07\Day07.csproj", "{3A9A5F54-4D1F-4EC1-9AC7-A0A23B8999D1}"
EndProject
Project("{9A19103F-16F7-4668-BE54-9A1E7A4F7556}") = "Day08", "Day08\Day08.csproj", "{501CD651-F8CA-4A05-9223-4F02354F3BB9}"
EndProject
Project("{9A19103F-16F7-4668-BE54-9A1E7A4F7556}") = "Day09", "Day09\Day09.csproj", "{357B2A43-E5FD-46CC-BD35-DB007A709F0A}"
EndProject
Project("{9A19103F-16F7-4668-BE54-9A1E7A4F7556}") = "Day10", "Day10\Day10.csproj", "{7D44DC1D-B121-4A26-97B6-5DD00DDD2DD6}"
EndProject
Project("{9A19103F-16F7-4668-BE54-9A1E7A4F7556}") = "Day11", "Day11\Day11.csproj", "{508BDFC6-585E-4B99-B8FA-5081C4773076}"
EndProject
Project("{9A19103F-16F7-4668-BE54-9A1E7A4F7556}") = "Day12", "Day12\Day12.csproj", "{7E0D2232-2D91-4ACC-BAAC-0663CC51C8AD}"
EndProject
Project("{9A19103F-16F7-4668-BE54-9A1E7A4F7556}") = "Day13", "Day13\Day13.csproj", "{81E29F47-68D4-4769-AB76-DD0FEA815347}"
EndProject
Project("{9A19103F-16F7-4668-BE54-9A1E7A4F7556}") = "Day14", "Day14\Day14.csproj", "{164ED78B-F525-4A37-AE04-E1DD16532885}"
EndProject
Project("{9A19103F-16F7-4668-BE54-9A1E7A4F7556}") = "Day15", "Day15\Day15.csproj", "{A32CA101-60D8-457E-8CDA-ECD783978691}"
EndProject
Project("{9A19103F-16F7-4668-BE54-9A1E7A4F7556}") = "Day16", "Day16\Day16.csproj", "{161D1F0D-1AD7-4512-8083-7BDD1D8032F0}"
EndProject
Project("{9A19103F-16F7-4668-BE54-9A1E7A4F7556}") = "Day17", "Day17\Day17.csproj", "{763B7279-3541-4809-A11B-4554FE363533}"
EndProject
Project("{9A19103F-16F7-4668-BE54-9A1E7A4F7556}") = "Day18", "Day18\Day18.csproj", "{27E826D3-8117-40B9-AC75-7B448D843FED}"
EndProject
Project("{9A19103F-16F7-4668-BE54-9A1E7A4F7556}") = "Day19", "Day19\Day19.csproj", "{3792A3EA-DADF-4E9F-B9F3-032885119B93}"
EndProject
Project("{9A19103F-16F7-4668-BE54-9A1E7A4F7556}") = "Day20", "Day20\Day20.csproj", "{F4CED60E-9E7D-4BE7-869F-023905C968B0}"
EndProject
Project("{9A19103F-16F7-4668-BE54-9A1E7A4F7556}") = "Day21", "Day21\Day21.csproj", "{23462A91-F913-4C8D-92F8-567A1465B9B6}"
EndProject
Project("{9A19103F-16F7-4668-BE54-9A1E7A4F7556}") = "Day22", "Day22\Day22.csproj", "{E489DCDD-229F-47E0-90A0-FE877FF52875}"
EndProject
Project("{9A19103F-16F7-4668-BE54-9A1E7A4F7556}") = "Day23", "Day23\Day23.csproj", "{3F889FA2-8898-48CA-960C-3623507E9EDC}"
EndProject
Project("{9A19103F-16F7-4668-BE54-9A1E7A4F7556}") = "Day24", "Day24\Day24.csproj", "{766272B8-26CA-46EF-83AA-3EB307A879A0}"
EndProject
Project("{FAE04EC0-301F-11D3-BF4B-00C04F79EFBC}") = "Day25", "Day25\Day25.csproj", "{9FE4DD3C-6B49-4220-8B48-5C4574EC2E7A}"
EndProject
Global
	GlobalSection(SolutionConfigurationPlatforms) = preSolution
		Debug|Any CPU = Debug|Any CPU
		Release|Any CPU = Release|Any CPU
	EndGlobalSection
	GlobalSection(ProjectConfigurationPlatforms) = postSolution
		{D04AE530-A930-49A2-B08B-20284F309DF2}.Debug|Any CPU.ActiveCfg = Debug|Any CPU
		{D04AE530-A930-49A2-B08B-20284F309DF2}.Debug|Any CPU.Build.0 = Debug|Any CPU
		{D04AE530-A930-49A2-B08B-20284F309DF2}.Release|Any CPU.ActiveCfg = Release|Any CPU
		{D04AE530-A930-49A2-B08B-20284F309DF2}.Release|Any CPU.Build.0 = Release|Any CPU
		{B42014FB-6B91-448A-96F5-703C874B4B52}.Debug|Any CPU.ActiveCfg = Debug|Any CPU
		{B42014FB-6B91-448A-96F5-703C874B4B52}.Debug|Any CPU.Build.0 = Debug|Any CPU
		{B42014FB-6B91-448A-96F5-703C874B4B52}.Release|Any CPU.ActiveCfg = Release|Any CPU
		{B42014FB-6B91-448A-96F5-703C874B4B52}.Release|Any CPU.Build.0 = Release|Any CPU
		{C3DA3628-D7AF-43C4-9010-1AE995380BB0}.Debug|Any CPU.ActiveCfg = Debug|Any CPU
		{C3DA3628-D7AF-43C4-9010-1AE995380BB0}.Debug|Any CPU.Build.0 = Debug|Any CPU
		{C3DA3628-D7AF-43C4-9010-1AE995380BB0}.Release|Any CPU.ActiveCfg = Release|Any CPU
		{C3DA3628-D7AF-43C4-9010-1AE995380BB0}.Release|Any CPU.Build.0 = Release|Any CPU
		{8CDDBCAF-7731-47DE-B243-E163A424E961}.Debug|Any CPU.ActiveCfg = Debug|Any CPU
		{8CDDBCAF-7731-47DE-B243-E163A424E961}.Debug|Any CPU.Build.0 = Debug|Any CPU
		{8CDDBCAF-7731-47DE-B243-E163A424E961}.Release|Any CPU.ActiveCfg = Release|Any CPU
		{8CDDBCAF-7731-47DE-B243-E163A424E961}.Release|Any CPU.Build.0 = Release|Any CPU
		{BB6EEB23-D89E-45D5-877B-61E5489508C3}.Debug|Any CPU.ActiveCfg = Debug|Any CPU
		{BB6EEB23-D89E-45D5-877B-61E5489508C3}.Debug|Any CPU.Build.0 = Debug|Any CPU
		{BB6EEB23-D89E-45D5-877B-61E5489508C3}.Release|Any CPU.ActiveCfg = Release|Any CPU
		{BB6EEB23-D89E-45D5-877B-61E5489508C3}.Release|Any CPU.Build.0 = Release|Any CPU
		{3FC59C07-CE91-49E9-877F-3AC136C0FC69}.Debug|Any CPU.ActiveCfg = Debug|Any CPU
		{3FC59C07-CE91-49E9-877F-3AC136C0FC69}.Debug|Any CPU.Build.0 = Debug|Any CPU
		{3FC59C07-CE91-49E9-877F-3AC136C0FC69}.Release|Any CPU.ActiveCfg = Release|Any CPU
		{3FC59C07-CE91-49E9-877F-3AC136C0FC69}.Release|Any CPU.Build.0 = Release|Any CPU
		{F35F4F8A-8EBE-4C5E-A9E4-F1F1BD1D0058}.Debug|Any CPU.ActiveCfg = Debug|Any CPU
		{F35F4F8A-8EBE-4C5E-A9E4-F1F1BD1D0058}.Debug|Any CPU.Build.0 = Debug|Any CPU
		{F35F4F8A-8EBE-4C5E-A9E4-F1F1BD1D0058}.Release|Any CPU.ActiveCfg = Release|Any CPU
		{F35F4F8A-8EBE-4C5E-A9E4-F1F1BD1D0058}.Release|Any CPU.Build.0 = Release|Any CPU
		{3A9A5F54-4D1F-4EC1-9AC7-A0A23B8999D1}.Debug|Any CPU.ActiveCfg = Debug|Any CPU
		{3A9A5F54-4D1F-4EC1-9AC7-A0A23B8999D1}.Debug|Any CPU.Build.0 = Debug|Any CPU
		{3A9A5F54-4D1F-4EC1-9AC7-A0A23B8999D1}.Release|Any CPU.ActiveCfg = Release|Any CPU
		{3A9A5F54-4D1F-4EC1-9AC7-A0A23B8999D1}.Release|Any CPU.Build.0 = Release|Any CPU
		{501CD651-F8CA-4A05-9223-4F02354F3BB9}.Debug|Any CPU.ActiveCfg = Debug|Any CPU
		{501CD651-F8CA-4A05-9223-4F02354F3BB9}.Debug|Any CPU.Build.0 = Debug|Any CPU
		{501CD651-F8CA-4A05-9223-4F02354F3BB9}.Release|Any CPU.ActiveCfg = Release|Any CPU
		{501CD651-F8CA-4A05-9223-4F02354F3BB9}.Release|Any CPU.Build.0 = Release|Any CPU
		{357B2A43-E5FD-46CC-BD35-DB007A709F0A}.Debug|Any CPU.ActiveCfg = Debug|Any CPU
		{357B2A43-E5FD-46CC-BD35-DB007A709F0A}.Debug|Any CPU.Build.0 = Debug|Any CPU
		{357B2A43-E5FD-46CC-BD35-DB007A709F0A}.Release|Any CPU.ActiveCfg = Release|Any CPU
		{357B2A43-E5FD-46CC-BD35-DB007A709F0A}.Release|Any CPU.Build.0 = Release|Any CPU
		{7D44DC1D-B121-4A26-97B6-5DD00DDD2DD6}.Debug|Any CPU.ActiveCfg = Debug|Any CPU
		{7D44DC1D-B121-4A26-97B6-5DD00DDD2DD6}.Debug|Any CPU.Build.0 = Debug|Any CPU
		{7D44DC1D-B121-4A26-97B6-5DD00DDD2DD6}.Release|Any CPU.ActiveCfg = Release|Any CPU
		{7D44DC1D-B121-4A26-97B6-5DD00DDD2DD6}.Release|Any CPU.Build.0 = Release|Any CPU
		{508BDFC6-585E-4B99-B8FA-5081C4773076}.Debug|Any CPU.ActiveCfg = Debug|Any CPU
		{508BDFC6-585E-4B99-B8FA-5081C4773076}.Debug|Any CPU.Build.0 = Debug|Any CPU
		{508BDFC6-585E-4B99-B8FA-5081C4773076}.Release|Any CPU.ActiveCfg = Release|Any CPU
		{508BDFC6-585E-4B99-B8FA-5081C4773076}.Release|Any CPU.Build.0 = Release|Any CPU
		{7E0D2232-2D91-4ACC-BAAC-0663CC51C8AD}.Debug|Any CPU.ActiveCfg = Debug|Any CPU
		{7E0D2232-2D91-4ACC-BAAC-0663CC51C8AD}.Debug|Any CPU.Build.0 = Debug|Any CPU
		{7E0D2232-2D91-4ACC-BAAC-0663CC51C8AD}.Release|Any CPU.ActiveCfg = Release|Any CPU
		{7E0D2232-2D91-4ACC-BAAC-0663CC51C8AD}.Release|Any CPU.Build.0 = Release|Any CPU
		{81E29F47-68D4-4769-AB76-DD0FEA815347}.Debug|Any CPU.ActiveCfg = Debug|Any CPU
		{81E29F47-68D4-4769-AB76-DD0FEA815347}.Debug|Any CPU.Build.0 = Debug|Any CPU
		{81E29F47-68D4-4769-AB76-DD0FEA815347}.Release|Any CPU.ActiveCfg = Release|Any CPU
		{81E29F47-68D4-4769-AB76-DD0FEA815347}.Release|Any CPU.Build.0 = Release|Any CPU
		{164ED78B-F525-4A37-AE04-E1DD16532885}.Debug|Any CPU.ActiveCfg = Debug|Any CPU
		{164ED78B-F525-4A37-AE04-E1DD16532885}.Debug|Any CPU.Build.0 = Debug|Any CPU
		{164ED78B-F525-4A37-AE04-E1DD16532885}.Release|Any CPU.ActiveCfg = Release|Any CPU
		{164ED78B-F525-4A37-AE04-E1DD16532885}.Release|Any CPU.Build.0 = Release|Any CPU
		{A32CA101-60D8-457E-8CDA-ECD783978691}.Debug|Any CPU.ActiveCfg = Debug|Any CPU
		{A32CA101-60D8-457E-8CDA-ECD783978691}.Debug|Any CPU.Build.0 = Debug|Any CPU
		{A32CA101-60D8-457E-8CDA-ECD783978691}.Release|Any CPU.ActiveCfg = Release|Any CPU
		{A32CA101-60D8-457E-8CDA-ECD783978691}.Release|Any CPU.Build.0 = Release|Any CPU
		{161D1F0D-1AD7-4512-8083-7BDD1D8032F0}.Debug|Any CPU.ActiveCfg = Debug|Any CPU
		{161D1F0D-1AD7-4512-8083-7BDD1D8032F0}.Debug|Any CPU.Build.0 = Debug|Any CPU
		{161D1F0D-1AD7-4512-8083-7BDD1D8032F0}.Release|Any CPU.ActiveCfg = Release|Any CPU
		{161D1F0D-1AD7-4512-8083-7BDD1D8032F0}.Release|Any CPU.Build.0 = Release|Any CPU
		{763B7279-3541-4809-A11B-4554FE363533}.Debug|Any CPU.ActiveCfg = Debug|Any CPU
		{763B7279-3541-4809-A11B-4554FE363533}.Debug|Any CPU.Build.0 = Debug|Any CPU
		{763B7279-3541-4809-A11B-4554FE363533}.Release|Any CPU.ActiveCfg = Release|Any CPU
		{763B7279-3541-4809-A11B-4554FE363533}.Release|Any CPU.Build.0 = Release|Any CPU
		{27E826D3-8117-40B9-AC75-7B448D843FED}.Debug|Any CPU.ActiveCfg = Debug|Any CPU
		{27E826D3-8117-40B9-AC75-7B448D843FED}.Debug|Any CPU.Build.0 = Debug|Any CPU
		{27E826D3-8117-40B9-AC75-7B448D843FED}.Release|Any CPU.ActiveCfg = Release|Any CPU
		{27E826D3-8117-40B9-AC75-7B448D843FED}.Release|Any CPU.Build.0 = Release|Any CPU
		{3792A3EA-DADF-4E9F-B9F3-032885119B93}.Debug|Any CPU.ActiveCfg = Debug|Any CPU
		{3792A3EA-DADF-4E9F-B9F3-032885119B93}.Debug|Any CPU.Build.0 = Debug|Any CPU
		{3792A3EA-DADF-4E9F-B9F3-032885119B93}.Release|Any CPU.ActiveCfg = Release|Any CPU
		{3792A3EA-DADF-4E9F-B9F3-032885119B93}.Release|Any CPU.Build.0 = Release|Any CPU
		{F4CED60E-9E7D-4BE7-869F-023905C968B0}.Debug|Any CPU.ActiveCfg = Debug|Any CPU
		{F4CED60E-9E7D-4BE7-869F-023905C968B0}.Debug|Any CPU.Build.0 = Debug|Any CPU
		{F4CED60E-9E7D-4BE7-869F-023905C968B0}.Release|Any CPU.ActiveCfg = Release|Any CPU
		{F4CED60E-9E7D-4BE7-869F-023905C968B0}.Release|Any CPU.Build.0 = Release|Any CPU
		{23462A91-F913-4C8D-92F8-567A1465B9B6}.Debug|Any CPU.ActiveCfg = Debug|Any CPU
		{23462A91-F913-4C8D-92F8-567A1465B9B6}.Debug|Any CPU.Build.0 = Debug|Any CPU
		{23462A91-F913-4C8D-92F8-567A1465B9B6}.Release|Any CPU.ActiveCfg = Release|Any CPU
		{23462A91-F913-4C8D-92F8-567A1465B9B6}.Release|Any CPU.Build.0 = Release|Any CPU
		{E489DCDD-229F-47E0-90A0-FE877FF52875}.Debug|Any CPU.ActiveCfg = Debug|Any CPU
		{E489DCDD-229F-47E0-90A0-FE877FF52875}.Debug|Any CPU.Build.0 = Debug|Any CPU
		{E489DCDD-229F-47E0-90A0-FE877FF52875}.Release|Any CPU.ActiveCfg = Release|Any CPU
		{E489DCDD-229F-47E0-90A0-FE877FF52875}.Release|Any CPU.Build.0 = Release|Any CPU
		{3F889FA2-8898-48CA-960C-3623507E9EDC}.Debug|Any CPU.ActiveCfg = Debug|Any CPU
		{3F889FA2-8898-48CA-960C-3623507E9EDC}.Debug|Any CPU.Build.0 = Debug|Any CPU
		{3F889FA2-8898-48CA-960C-3623507E9EDC}.Release|Any CPU.ActiveCfg = Release|Any CPU
		{3F889FA2-8898-48CA-960C-3623507E9EDC}.Release|Any CPU.Build.0 = Release|Any CPU
		{766272B8-26CA-46EF-83AA-3EB307A879A0}.Debug|Any CPU.ActiveCfg = Debug|Any CPU
		{766272B8-26CA-46EF-83AA-3EB307A879A0}.Debug|Any CPU.Build.0 = Debug|Any CPU
		{766272B8-26CA-46EF-83AA-3EB307A879A0}.Release|Any CPU.ActiveCfg = Release|Any CPU
		{766272B8-26CA-46EF-83AA-3EB307A879A0}.Release|Any CPU.Build.0 = Release|Any CPU
		{9FE4DD3C-6B49-4220-8B48-5C4574EC2E7A}.Debug|Any CPU.ActiveCfg = Debug|Any CPU
		{9FE4DD3C-6B49-4220-8B48-5C4574EC2E7A}.Debug|Any CPU.Build.0 = Debug|Any CPU
		{9FE4DD3C-6B49-4220-8B48-5C4574EC2E7A}.Release|Any CPU.ActiveCfg = Release|Any CPU
		{9FE4DD3C-6B49-4220-8B48-5C4574EC2E7A}.Release|Any CPU.Build.0 = Release|Any CPU
	EndGlobalSection
	GlobalSection(SolutionProperties) = preSolution
		HideSolutionNode = FALSE
	EndGlobalSection
	GlobalSection(ExtensibilityGlobals) = postSolution
		SolutionGuid = {71F1AB5B-FC98-4136-AFFA-111B8ACBE83F}
	EndGlobalSection
EndGlobal
